
Microsoft Visual Studio Solution File, Format Version 12.00
# Visual Studio Version 17
VisualStudioVersion = 17.10.35027.167
MinimumVisualStudioVersion = 10.0.40219.1
Project("{FAE04EC0-301F-11D3-BF4B-00C04F79EFBC}") = "ASP.NETCoreEmpty", "ASP.NETCoreEmpty\ASP.NETCoreEmpty.csproj", "{B6D32FE6-327F-4945-AF27-51258ABF0224}"
EndProject
Global
	GlobalSection(SolutionConfigurationPlatforms) = preSolution
		Debug|Any CPU = Debug|Any CPU
		Release|Any CPU = Release|Any CPU
	EndGlobalSection
	GlobalSection(ProjectConfigurationPlatforms) = postSolution
		{B6D32FE6-327F-4945-AF27-51258ABF0224}.Debug|Any CPU.ActiveCfg = Debug|Any CPU
		{B6D32FE6-327F-4945-AF27-51258ABF0224}.Debug|Any CPU.Build.0 = Debug|Any CPU
		{B6D32FE6-327F-4945-AF27-51258ABF0224}.Release|Any CPU.ActiveCfg = Release|Any CPU
		{B6D32FE6-327F-4945-AF27-51258ABF0224}.Release|Any CPU.Build.0 = Release|Any CPU
	EndGlobalSection
	GlobalSection(SolutionProperties) = preSolution
		HideSolutionNode = FALSE
	EndGlobalSection
	GlobalSection(ExtensibilityGlobals) = postSolution
		SolutionGuid = {E4D1273A-D9CC-42A8-95C2-DE800743A32F}
	EndGlobalSection
EndGlobal
