
Microsoft Visual Studio Solution File, Format Version 12.00
# Visual Studio Version 17
VisualStudioVersion = 17.10.35027.167
MinimumVisualStudioVersion = 10.0.40219.1
Project("{FAE04EC0-301F-11D3-BF4B-00C04F79EFBC}") = "PratikBasicMVC", "PratikBasicMVC\PratikBasicMVC.csproj", "{016959AE-2F31-418A-AAB0-49124F6A5CD2}"
EndProject
Global
	GlobalSection(SolutionConfigurationPlatforms) = preSolution
		Debug|Any CPU = Debug|Any CPU
		Release|Any CPU = Release|Any CPU
	EndGlobalSection
	GlobalSection(ProjectConfigurationPlatforms) = postSolution
		{016959AE-2F31-418A-AAB0-49124F6A5CD2}.Debug|Any CPU.ActiveCfg = Debug|Any CPU
		{016959AE-2F31-418A-AAB0-49124F6A5CD2}.Debug|Any CPU.Build.0 = Debug|Any CPU
		{016959AE-2F31-418A-AAB0-49124F6A5CD2}.Release|Any CPU.ActiveCfg = Release|Any CPU
		{016959AE-2F31-418A-AAB0-49124F6A5CD2}.Release|Any CPU.Build.0 = Release|Any CPU
	EndGlobalSection
	GlobalSection(SolutionProperties) = preSolution
		HideSolutionNode = FALSE
	EndGlobalSection
	GlobalSection(ExtensibilityGlobals) = postSolution
		SolutionGuid = {8D97F795-5F13-4DBC-8A5A-A42FF9C99E32}
	EndGlobalSection
EndGlobal
